
Microsoft Visual Studio Solution File, Format Version 12.00
Project("{FAE04EC0-301F-11D3-BF4B-00C04F79EFBC}") = "Breeders.API", "Breeders.API\Breeders.API.csproj", "{EB9137F2-BEA0-4F65-B197-5F345ACF92C9}"
EndProject
Project("{FAE04EC0-301F-11D3-BF4B-00C04F79EFBC}") = "Breeders.Application", "Breeders.Application\Breeders.Application.csproj", "{FF359ED1-F9B8-4DFA-B523-EF775552E8CF}"
EndProject
Project("{FAE04EC0-301F-11D3-BF4B-00C04F79EFBC}") = "Breeders.Domain", "Breeders.Domain\Breeders.Domain.csproj", "{5F984F9D-4078-4449-B031-0A722A347A59}"
EndProject
Project("{FAE04EC0-301F-11D3-BF4B-00C04F79EFBC}") = "Breeders.Infrastructure", "Breeders.Infrastructure\Breeders.Infrastructure.csproj", "{730E0F8A-FB12-4975-A764-29ABCD401E54}"
EndProject
Global
	GlobalSection(SolutionConfigurationPlatforms) = preSolution
		Debug|Any CPU = Debug|Any CPU
		Release|Any CPU = Release|Any CPU
	EndGlobalSection
	GlobalSection(ProjectConfigurationPlatforms) = postSolution
		{EB9137F2-BEA0-4F65-B197-5F345ACF92C9}.Debug|Any CPU.ActiveCfg = Debug|Any CPU
		{EB9137F2-BEA0-4F65-B197-5F345ACF92C9}.Debug|Any CPU.Build.0 = Debug|Any CPU
		{EB9137F2-BEA0-4F65-B197-5F345ACF92C9}.Release|Any CPU.ActiveCfg = Release|Any CPU
		{EB9137F2-BEA0-4F65-B197-5F345ACF92C9}.Release|Any CPU.Build.0 = Release|Any CPU
		{FF359ED1-F9B8-4DFA-B523-EF775552E8CF}.Debug|Any CPU.ActiveCfg = Debug|Any CPU
		{FF359ED1-F9B8-4DFA-B523-EF775552E8CF}.Debug|Any CPU.Build.0 = Debug|Any CPU
		{FF359ED1-F9B8-4DFA-B523-EF775552E8CF}.Release|Any CPU.ActiveCfg = Release|Any CPU
		{FF359ED1-F9B8-4DFA-B523-EF775552E8CF}.Release|Any CPU.Build.0 = Release|Any CPU
		{5F984F9D-4078-4449-B031-0A722A347A59}.Debug|Any CPU.ActiveCfg = Debug|Any CPU
		{5F984F9D-4078-4449-B031-0A722A347A59}.Debug|Any CPU.Build.0 = Debug|Any CPU
		{5F984F9D-4078-4449-B031-0A722A347A59}.Release|Any CPU.ActiveCfg = Release|Any CPU
		{5F984F9D-4078-4449-B031-0A722A347A59}.Release|Any CPU.Build.0 = Release|Any CPU
		{730E0F8A-FB12-4975-A764-29ABCD401E54}.Debug|Any CPU.ActiveCfg = Debug|Any CPU
		{730E0F8A-FB12-4975-A764-29ABCD401E54}.Debug|Any CPU.Build.0 = Debug|Any CPU
		{730E0F8A-FB12-4975-A764-29ABCD401E54}.Release|Any CPU.ActiveCfg = Release|Any CPU
		{730E0F8A-FB12-4975-A764-29ABCD401E54}.Release|Any CPU.Build.0 = Release|Any CPU
	EndGlobalSection
EndGlobal
